
Microsoft Visual Studio Solution File, Format Version 12.00
# Visual Studio Version 17
VisualStudioVersion = 17.14.36414.22 d17.14
MinimumVisualStudioVersion = 10.0.40219.1
Project("{FAE04EC0-301F-11D3-BF4B-00C04F79EFBC}") = "Otobusum.com", "OtobusProje\Otobusum.com.csproj", "{A381659C-D0C2-4D30-9DD2-6CE2F243265A}"
EndProject
Global
	GlobalSection(SolutionConfigurationPlatforms) = preSolution
		Debug|Any CPU = Debug|Any CPU
		Release|Any CPU = Release|Any CPU
	EndGlobalSection
	GlobalSection(ProjectConfigurationPlatforms) = postSolution
		{A381659C-D0C2-4D30-9DD2-6CE2F243265A}.Debug|Any CPU.ActiveCfg = Debug|Any CPU
		{A381659C-D0C2-4D30-9DD2-6CE2F243265A}.Debug|Any CPU.Build.0 = Debug|Any CPU
		{A381659C-D0C2-4D30-9DD2-6CE2F243265A}.Release|Any CPU.ActiveCfg = Release|Any CPU
		{A381659C-D0C2-4D30-9DD2-6CE2F243265A}.Release|Any CPU.Build.0 = Release|Any CPU
	EndGlobalSection
	GlobalSection(SolutionProperties) = preSolution
		HideSolutionNode = FALSE
	EndGlobalSection
	GlobalSection(ExtensibilityGlobals) = postSolution
		SolutionGuid = {5191558C-9B30-4BAB-93B1-A6CDB00156C6}
	EndGlobalSection
EndGlobal
